<Solution>
  <Project Path="OperationalWorkspace.Addin/OperationalWorkspace.Addin.csproj" />
  <Project Path="OperationalWorkspace.Domain/OperationalWorkspace.Domain.csproj" />
  <Project Path="OperationalWorkspaceAPI/OperationalWorkspaceAPI.csproj" Id="557fd167-4f7d-4ba6-bbf6-dbd7f3367cd9" />
  <Project Path="OperationalWorkspaceApplication/OperationalWorkspaceApplication.csproj" />
  <Project Path="OperationalWorkspaceInfrastructure/OperationalWorkspaceInfrastructure.csproj" Id="af64a212-60bd-4ea3-a997-e1985674f824" />
  <Project Path="OperationalWorkspaceUI/OperationalWorkspaceUI.csproj" Id="0de69d71-96eb-4869-a4ec-f1df1d47e81f" />
</Solution>
